
Microsoft Visual Studio Solution File, Format Version 12.00
# Visual Studio Version 17
VisualStudioVersion = 17.12.35728.132
MinimumVisualStudioVersion = 10.0.40219.1
Project("{FAE04EC0-301F-11D3-BF4B-00C04F79EFBC}") = "SingleParentSupport2", "SingleParentSupport2\SingleParentSupport2.csproj", "{92DAAAC9-60A0-4181-8889-8912D2986E4C}"
EndProject
Project("{FAE04EC0-301F-11D3-BF4B-00C04F79EFBC}") = "SingleParentSupport2.UnitTests", "SingleParentSupport2.UnitTests\SingleParentSupport2.UnitTests.csproj", "{DA3DA8F0-938B-4A2B-862C-4E7540518EF5}"
EndProject
Global
	GlobalSection(SolutionConfigurationPlatforms) = preSolution
		Debug|Any CPU = Debug|Any CPU
		Release|Any CPU = Release|Any CPU
	EndGlobalSection
	GlobalSection(ProjectConfigurationPlatforms) = postSolution
		{92DAAAC9-60A0-4181-8889-8912D2986E4C}.Debug|Any CPU.ActiveCfg = Debug|Any CPU
		{92DAAAC9-60A0-4181-8889-8912D2986E4C}.Debug|Any CPU.Build.0 = Debug|Any CPU
		{92DAAAC9-60A0-4181-8889-8912D2986E4C}.Release|Any CPU.ActiveCfg = Release|Any CPU
		{92DAAAC9-60A0-4181-8889-8912D2986E4C}.Release|Any CPU.Build.0 = Release|Any CPU
		{DA3DA8F0-938B-4A2B-862C-4E7540518EF5}.Debug|Any CPU.ActiveCfg = Debug|Any CPU
		{DA3DA8F0-938B-4A2B-862C-4E7540518EF5}.Debug|Any CPU.Build.0 = Debug|Any CPU
		{DA3DA8F0-938B-4A2B-862C-4E7540518EF5}.Release|Any CPU.ActiveCfg = Release|Any CPU
		{DA3DA8F0-938B-4A2B-862C-4E7540518EF5}.Release|Any CPU.Build.0 = Release|Any CPU
	EndGlobalSection
	GlobalSection(SolutionProperties) = preSolution
		HideSolutionNode = FALSE
	EndGlobalSection
	GlobalSection(ExtensibilityGlobals) = postSolution
		SolutionGuid = {FDA73949-7545-466F-A129-CFF213262A9B}
	EndGlobalSection
EndGlobal
